
Microsoft Visual Studio Solution File, Format Version 12.00
# Visual Studio 15
VisualStudioVersion = 15.0.26124.0
MinimumVisualStudioVersion = 15.0.26124.0
Project("{FAE04EC0-301F-11D3-BF4B-00C04F79EFBC}") = "Travsystem.Model", "Travsystem.Model\Travsystem.Model.csproj", "{DE9BD5FC-B587-4A7B-80A7-9097B7CD20ED}"
EndProject
Project("{FAE04EC0-301F-11D3-BF4B-00C04F79EFBC}") = "Travsystem.Service", "Travsystem.Service\Travsystem.Service.csproj", "{D6FF434D-A0AB-41CB-893B-6704D97690A8}"
EndProject
Project("{FAE04EC0-301F-11D3-BF4B-00C04F79EFBC}") = "Travsystem.IO", "Travsystem.IO\Travsystem.IO.csproj", "{983FD1FF-9FCC-4533-A6F9-2D8873D023C7}"
EndProject
Project("{FAE04EC0-301F-11D3-BF4B-00C04F79EFBC}") = "Travsystem.Web", "Travsystem.Web\Travsystem.Web.csproj", "{56320B1E-CBDD-4245-AD21-C50495C14F57}"
EndProject
Project("{FAE04EC0-301F-11D3-BF4B-00C04F79EFBC}") = "Travsystem.NUnit", "Travsystem.NUnit\Travsystem.NUnit.csproj", "{95CCC77E-6527-46F5-A67D-ED0A49E5BB28}"
EndProject
Global
	GlobalSection(SolutionProperties) = preSolution
		HideSolutionNode = FALSE
	EndGlobalSection
	GlobalSection(SolutionConfigurationPlatforms) = preSolution
		Debug|Any CPU = Debug|Any CPU
		Debug|x64 = Debug|x64
		Debug|x86 = Debug|x86
		Release|Any CPU = Release|Any CPU
		Release|x64 = Release|x64
		Release|x86 = Release|x86
	EndGlobalSection
	GlobalSection(ProjectConfigurationPlatforms) = postSolution
		{DE9BD5FC-B587-4A7B-80A7-9097B7CD20ED}.Debug|Any CPU.ActiveCfg = Debug|Any CPU
		{DE9BD5FC-B587-4A7B-80A7-9097B7CD20ED}.Debug|Any CPU.Build.0 = Debug|Any CPU
		{DE9BD5FC-B587-4A7B-80A7-9097B7CD20ED}.Debug|x64.ActiveCfg = Debug|Any CPU
		{DE9BD5FC-B587-4A7B-80A7-9097B7CD20ED}.Debug|x64.Build.0 = Debug|Any CPU
		{DE9BD5FC-B587-4A7B-80A7-9097B7CD20ED}.Debug|x86.ActiveCfg = Debug|Any CPU
		{DE9BD5FC-B587-4A7B-80A7-9097B7CD20ED}.Debug|x86.Build.0 = Debug|Any CPU
		{DE9BD5FC-B587-4A7B-80A7-9097B7CD20ED}.Release|Any CPU.ActiveCfg = Release|Any CPU
		{DE9BD5FC-B587-4A7B-80A7-9097B7CD20ED}.Release|Any CPU.Build.0 = Release|Any CPU
		{DE9BD5FC-B587-4A7B-80A7-9097B7CD20ED}.Release|x64.ActiveCfg = Release|Any CPU
		{DE9BD5FC-B587-4A7B-80A7-9097B7CD20ED}.Release|x64.Build.0 = Release|Any CPU
		{DE9BD5FC-B587-4A7B-80A7-9097B7CD20ED}.Release|x86.ActiveCfg = Release|Any CPU
		{DE9BD5FC-B587-4A7B-80A7-9097B7CD20ED}.Release|x86.Build.0 = Release|Any CPU
		{D6FF434D-A0AB-41CB-893B-6704D97690A8}.Debug|Any CPU.ActiveCfg = Debug|Any CPU
		{D6FF434D-A0AB-41CB-893B-6704D97690A8}.Debug|Any CPU.Build.0 = Debug|Any CPU
		{D6FF434D-A0AB-41CB-893B-6704D97690A8}.Debug|x64.ActiveCfg = Debug|Any CPU
		{D6FF434D-A0AB-41CB-893B-6704D97690A8}.Debug|x64.Build.0 = Debug|Any CPU
		{D6FF434D-A0AB-41CB-893B-6704D97690A8}.Debug|x86.ActiveCfg = Debug|Any CPU
		{D6FF434D-A0AB-41CB-893B-6704D97690A8}.Debug|x86.Build.0 = Debug|Any CPU
		{D6FF434D-A0AB-41CB-893B-6704D97690A8}.Release|Any CPU.ActiveCfg = Release|Any CPU
		{D6FF434D-A0AB-41CB-893B-6704D97690A8}.Release|Any CPU.Build.0 = Release|Any CPU
		{D6FF434D-A0AB-41CB-893B-6704D97690A8}.Release|x64.ActiveCfg = Release|Any CPU
		{D6FF434D-A0AB-41CB-893B-6704D97690A8}.Release|x64.Build.0 = Release|Any CPU
		{D6FF434D-A0AB-41CB-893B-6704D97690A8}.Release|x86.ActiveCfg = Release|Any CPU
		{D6FF434D-A0AB-41CB-893B-6704D97690A8}.Release|x86.Build.0 = Release|Any CPU
		{983FD1FF-9FCC-4533-A6F9-2D8873D023C7}.Debug|Any CPU.ActiveCfg = Debug|Any CPU
		{983FD1FF-9FCC-4533-A6F9-2D8873D023C7}.Debug|Any CPU.Build.0 = Debug|Any CPU
		{983FD1FF-9FCC-4533-A6F9-2D8873D023C7}.Debug|x64.ActiveCfg = Debug|Any CPU
		{983FD1FF-9FCC-4533-A6F9-2D8873D023C7}.Debug|x64.Build.0 = Debug|Any CPU
		{983FD1FF-9FCC-4533-A6F9-2D8873D023C7}.Debug|x86.ActiveCfg = Debug|Any CPU
		{983FD1FF-9FCC-4533-A6F9-2D8873D023C7}.Debug|x86.Build.0 = Debug|Any CPU
		{983FD1FF-9FCC-4533-A6F9-2D8873D023C7}.Release|Any CPU.ActiveCfg = Release|Any CPU
		{983FD1FF-9FCC-4533-A6F9-2D8873D023C7}.Release|Any CPU.Build.0 = Release|Any CPU
		{983FD1FF-9FCC-4533-A6F9-2D8873D023C7}.Release|x64.ActiveCfg = Release|Any CPU
		{983FD1FF-9FCC-4533-A6F9-2D8873D023C7}.Release|x64.Build.0 = Release|Any CPU
		{983FD1FF-9FCC-4533-A6F9-2D8873D023C7}.Release|x86.ActiveCfg = Release|Any CPU
		{983FD1FF-9FCC-4533-A6F9-2D8873D023C7}.Release|x86.Build.0 = Release|Any CPU
		{56320B1E-CBDD-4245-AD21-C50495C14F57}.Debug|Any CPU.ActiveCfg = Debug|Any CPU
		{56320B1E-CBDD-4245-AD21-C50495C14F57}.Debug|Any CPU.Build.0 = Debug|Any CPU
		{56320B1E-CBDD-4245-AD21-C50495C14F57}.Debug|x64.ActiveCfg = Debug|Any CPU
		{56320B1E-CBDD-4245-AD21-C50495C14F57}.Debug|x64.Build.0 = Debug|Any CPU
		{56320B1E-CBDD-4245-AD21-C50495C14F57}.Debug|x86.ActiveCfg = Debug|Any CPU
		{56320B1E-CBDD-4245-AD21-C50495C14F57}.Debug|x86.Build.0 = Debug|Any CPU
		{56320B1E-CBDD-4245-AD21-C50495C14F57}.Release|Any CPU.ActiveCfg = Release|Any CPU
		{56320B1E-CBDD-4245-AD21-C50495C14F57}.Release|Any CPU.Build.0 = Release|Any CPU
		{56320B1E-CBDD-4245-AD21-C50495C14F57}.Release|x64.ActiveCfg = Release|Any CPU
		{56320B1E-CBDD-4245-AD21-C50495C14F57}.Release|x64.Build.0 = Release|Any CPU
		{56320B1E-CBDD-4245-AD21-C50495C14F57}.Release|x86.ActiveCfg = Release|Any CPU
		{56320B1E-CBDD-4245-AD21-C50495C14F57}.Release|x86.Build.0 = Release|Any CPU
		{95CCC77E-6527-46F5-A67D-ED0A49E5BB28}.Debug|Any CPU.ActiveCfg = Debug|Any CPU
		{95CCC77E-6527-46F5-A67D-ED0A49E5BB28}.Debug|Any CPU.Build.0 = Debug|Any CPU
		{95CCC77E-6527-46F5-A67D-ED0A49E5BB28}.Debug|x64.ActiveCfg = Debug|Any CPU
		{95CCC77E-6527-46F5-A67D-ED0A49E5BB28}.Debug|x64.Build.0 = Debug|Any CPU
		{95CCC77E-6527-46F5-A67D-ED0A49E5BB28}.Debug|x86.ActiveCfg = Debug|Any CPU
		{95CCC77E-6527-46F5-A67D-ED0A49E5BB28}.Debug|x86.Build.0 = Debug|Any CPU
		{95CCC77E-6527-46F5-A67D-ED0A49E5BB28}.Release|Any CPU.ActiveCfg = Release|Any CPU
		{95CCC77E-6527-46F5-A67D-ED0A49E5BB28}.Release|Any CPU.Build.0 = Release|Any CPU
		{95CCC77E-6527-46F5-A67D-ED0A49E5BB28}.Release|x64.ActiveCfg = Release|Any CPU
		{95CCC77E-6527-46F5-A67D-ED0A49E5BB28}.Release|x64.Build.0 = Release|Any CPU
		{95CCC77E-6527-46F5-A67D-ED0A49E5BB28}.Release|x86.ActiveCfg = Release|Any CPU
		{95CCC77E-6527-46F5-A67D-ED0A49E5BB28}.Release|x86.Build.0 = Release|Any CPU
	EndGlobalSection
EndGlobal
